
Microsoft Visual Studio Solution File, Format Version 12.00
# Visual Studio Version 16
VisualStudioVersion = 16.0.31515.178
MinimumVisualStudioVersion = 10.0.40219.1
Project("{FAE04EC0-301F-11D3-BF4B-00C04F79EFBC}") = "Basico2", "Basico2\Basico2.csproj", "{433D1EFB-4FCB-4625-90EE-572C21FF3290}"
EndProject
Global
	GlobalSection(SolutionConfigurationPlatforms) = preSolution
		Debug|Any CPU = Debug|Any CPU
		Release|Any CPU = Release|Any CPU
	EndGlobalSection
	GlobalSection(ProjectConfigurationPlatforms) = postSolution
		{433D1EFB-4FCB-4625-90EE-572C21FF3290}.Debug|Any CPU.ActiveCfg = Debug|Any CPU
		{433D1EFB-4FCB-4625-90EE-572C21FF3290}.Debug|Any CPU.Build.0 = Debug|Any CPU
		{433D1EFB-4FCB-4625-90EE-572C21FF3290}.Release|Any CPU.ActiveCfg = Release|Any CPU
		{433D1EFB-4FCB-4625-90EE-572C21FF3290}.Release|Any CPU.Build.0 = Release|Any CPU
	EndGlobalSection
	GlobalSection(SolutionProperties) = preSolution
		HideSolutionNode = FALSE
	EndGlobalSection
	GlobalSection(ExtensibilityGlobals) = postSolution
		SolutionGuid = {15AEEDA6-AADB-4225-949B-739A993E5C59}
	EndGlobalSection
EndGlobal
